
Microsoft Visual Studio Solution File, Format Version 12.00
# Visual Studio Version 17
VisualStudioVersion = 17.14.36301.6 d17.14
MinimumVisualStudioVersion = 10.0.40219.1
Project("{FAE04EC0-301F-11D3-BF4B-00C04F79EFBC}") = "QuantFlow.Data.SQLServer", "QuantFlow.Data.SQLServer\QuantFlow.Data.SQLServer.csproj", "{3D7103F1-9C3B-4B3F-8689-BFC036A87640}"
EndProject
Global
	GlobalSection(SolutionConfigurationPlatforms) = preSolution
		Debug|Any CPU = Debug|Any CPU
		Release|Any CPU = Release|Any CPU
	EndGlobalSection
	GlobalSection(ProjectConfigurationPlatforms) = postSolution
		{3D7103F1-9C3B-4B3F-8689-BFC036A87640}.Debug|Any CPU.ActiveCfg = Debug|Any CPU
		{3D7103F1-9C3B-4B3F-8689-BFC036A87640}.Debug|Any CPU.Build.0 = Debug|Any CPU
		{3D7103F1-9C3B-4B3F-8689-BFC036A87640}.Release|Any CPU.ActiveCfg = Release|Any CPU
		{3D7103F1-9C3B-4B3F-8689-BFC036A87640}.Release|Any CPU.Build.0 = Release|Any CPU
	EndGlobalSection
	GlobalSection(SolutionProperties) = preSolution
		HideSolutionNode = FALSE
	EndGlobalSection
	GlobalSection(ExtensibilityGlobals) = postSolution
		SolutionGuid = {578F7D72-54B3-44F0-ADCE-12E33B921A50}
	EndGlobalSection
EndGlobal
